
Microsoft Visual Studio Solution File, Format Version 12.00
# Visual Studio 2012
Project("{8BC9CEB8-8B4A-11D0-8D11-00A0C91BC942}") = "Incremental dumps", "Incremental dumps.vcxproj", "{23A8AB1D-BD90-49CF-BA2A-12828DD954C0}"
EndProject
Global
	GlobalSection(SolutionConfigurationPlatforms) = preSolution
		Debug|Win32 = Debug|Win32
		Release|Win32 = Release|Win32
	EndGlobalSection
	GlobalSection(ProjectConfigurationPlatforms) = postSolution
		{23A8AB1D-BD90-49CF-BA2A-12828DD954C0}.Debug|Win32.ActiveCfg = Debug|Win32
		{23A8AB1D-BD90-49CF-BA2A-12828DD954C0}.Debug|Win32.Build.0 = Debug|Win32
		{23A8AB1D-BD90-49CF-BA2A-12828DD954C0}.Release|Win32.ActiveCfg = Release|Win32
		{23A8AB1D-BD90-49CF-BA2A-12828DD954C0}.Release|Win32.Build.0 = Release|Win32
	EndGlobalSection
	GlobalSection(SolutionProperties) = preSolution
		HideSolutionNode = FALSE
	EndGlobalSection
	GlobalSection(Performance) = preSolution
		HasPerformanceSessions = true
	EndGlobalSection
EndGlobal
